
Microsoft Visual Studio Solution File, Format Version 12.00
# Visual Studio Version 17
VisualStudioVersion = 17.0.32014.148
MinimumVisualStudioVersion = 10.0.40219.1
Project("{9A19103F-16F7-4668-BE54-9A1E7A4F7556}") = "JuliaInterface", "JuliaInterface.csproj", "{B515E8B0-F4C8-4008-BF6E-CFD37575402C}"
EndProject
Project("{FAE04EC0-301F-11D3-BF4B-00C04F79EFBC}") = "Test", "Test\Test.csproj", "{AA57FAF4-8A46-494A-9851-5685D0EBC286}"
EndProject
Project("{2150E333-8FDC-42A3-9474-1A3956D46DE8}") = "JuliaInterface", "JuliaInterface", "{FBA65722-ED44-48B0-A514-15E92F68B504}"
EndProject
Project("{FAE04EC0-301F-11D3-BF4B-00C04F79EFBC}") = "JuliaInterface4", "JuliaInterface4\JuliaInterface4.csproj", "{B576B352-FA5B-4635-A423-909BD8EDAAC2}"
EndProject
Project("{FAE04EC0-301F-11D3-BF4B-00C04F79EFBC}") = "Sandbox", "JuliaInterface4\Sandbox\Sandbox.csproj", "{3BF33C9B-10F4-4D8E-AC6E-C419113A64C5}"
EndProject
Global
	GlobalSection(SolutionConfigurationPlatforms) = preSolution
		Debug|Any CPU = Debug|Any CPU
		Release|Any CPU = Release|Any CPU
	EndGlobalSection
	GlobalSection(ProjectConfigurationPlatforms) = postSolution
		{B515E8B0-F4C8-4008-BF6E-CFD37575402C}.Debug|Any CPU.ActiveCfg = Debug|Any CPU
		{B515E8B0-F4C8-4008-BF6E-CFD37575402C}.Debug|Any CPU.Build.0 = Debug|Any CPU
		{B515E8B0-F4C8-4008-BF6E-CFD37575402C}.Release|Any CPU.ActiveCfg = Release|Any CPU
		{B515E8B0-F4C8-4008-BF6E-CFD37575402C}.Release|Any CPU.Build.0 = Release|Any CPU
		{AA57FAF4-8A46-494A-9851-5685D0EBC286}.Debug|Any CPU.ActiveCfg = Debug|Any CPU
		{AA57FAF4-8A46-494A-9851-5685D0EBC286}.Debug|Any CPU.Build.0 = Debug|Any CPU
		{AA57FAF4-8A46-494A-9851-5685D0EBC286}.Release|Any CPU.ActiveCfg = Release|Any CPU
		{AA57FAF4-8A46-494A-9851-5685D0EBC286}.Release|Any CPU.Build.0 = Release|Any CPU
		{B576B352-FA5B-4635-A423-909BD8EDAAC2}.Debug|Any CPU.ActiveCfg = Debug|Any CPU
		{B576B352-FA5B-4635-A423-909BD8EDAAC2}.Debug|Any CPU.Build.0 = Debug|Any CPU
		{B576B352-FA5B-4635-A423-909BD8EDAAC2}.Release|Any CPU.ActiveCfg = Release|Any CPU
		{B576B352-FA5B-4635-A423-909BD8EDAAC2}.Release|Any CPU.Build.0 = Release|Any CPU
		{3BF33C9B-10F4-4D8E-AC6E-C419113A64C5}.Debug|Any CPU.ActiveCfg = Debug|Any CPU
		{3BF33C9B-10F4-4D8E-AC6E-C419113A64C5}.Debug|Any CPU.Build.0 = Debug|Any CPU
		{3BF33C9B-10F4-4D8E-AC6E-C419113A64C5}.Release|Any CPU.ActiveCfg = Release|Any CPU
		{3BF33C9B-10F4-4D8E-AC6E-C419113A64C5}.Release|Any CPU.Build.0 = Release|Any CPU
	EndGlobalSection
	GlobalSection(SolutionProperties) = preSolution
		HideSolutionNode = FALSE
	EndGlobalSection
	GlobalSection(ExtensibilityGlobals) = postSolution
		SolutionGuid = {8E8B409D-2090-48F6-B404-3883692DCC50}
	EndGlobalSection
	GlobalSection(NestedProjects) = preSolution
		{B576B352-FA5B-4635-A423-909BD8EDAAC2} = {FBA65722-ED44-48B0-A514-15E92F68B504}
		{3BF33C9B-10F4-4D8E-AC6E-C419113A64C5} = {FBA65722-ED44-48B0-A514-15E92F68B504}
	EndGlobalSection
EndGlobal
