
Microsoft Visual Studio Solution File, Format Version 12.00
Project("{FAE04EC0-301F-11D3-BF4B-00C04F79EFBC}") = "JuliadotNET", "JuliadotNET\JuliadotNET.csproj", "{00BA804A-B43F-44DC-BE57-6799F0B02BBA}"
EndProject
Project("{FAE04EC0-301F-11D3-BF4B-00C04F79EFBC}") = "Sandbox", "Sandbox\Sandbox.csproj", "{D2E7F1D3-BAC1-453D-A88C-06250415B832}"
EndProject
Global
	GlobalSection(SolutionConfigurationPlatforms) = preSolution
		Debug|Any CPU = Debug|Any CPU
		Release|Any CPU = Release|Any CPU
	EndGlobalSection
	GlobalSection(ProjectConfigurationPlatforms) = postSolution
		{00BA804A-B43F-44DC-BE57-6799F0B02BBA}.Debug|Any CPU.ActiveCfg = Debug|Any CPU
		{00BA804A-B43F-44DC-BE57-6799F0B02BBA}.Debug|Any CPU.Build.0 = Debug|Any CPU
		{00BA804A-B43F-44DC-BE57-6799F0B02BBA}.Release|Any CPU.ActiveCfg = Release|Any CPU
		{00BA804A-B43F-44DC-BE57-6799F0B02BBA}.Release|Any CPU.Build.0 = Release|Any CPU
		{D2E7F1D3-BAC1-453D-A88C-06250415B832}.Debug|Any CPU.ActiveCfg = Debug|Any CPU
		{D2E7F1D3-BAC1-453D-A88C-06250415B832}.Debug|Any CPU.Build.0 = Debug|Any CPU
		{D2E7F1D3-BAC1-453D-A88C-06250415B832}.Release|Any CPU.ActiveCfg = Release|Any CPU
		{D2E7F1D3-BAC1-453D-A88C-06250415B832}.Release|Any CPU.Build.0 = Release|Any CPU
	EndGlobalSection
EndGlobal
